
Microsoft Visual Studio Solution File, Format Version 12.00
# Visual Studio 15
VisualStudioVersion = 15.0.28307.168
MinimumVisualStudioVersion = 10.0.40219.1
Project("{9A19103F-16F7-4668-BE54-9A1E7A4F7556}") = "BitmapHangulFontSnippet", "BitmapHangulFontSnippet.csproj", "{70CCF1B2-28C4-43EA-89C7-19763906FCAD}"
EndProject
Global
	GlobalSection(SolutionConfigurationPlatforms) = preSolution
		Debug|Any CPU = Debug|Any CPU
		Release|Any CPU = Release|Any CPU
	EndGlobalSection
	GlobalSection(ProjectConfigurationPlatforms) = postSolution
		{70CCF1B2-28C4-43EA-89C7-19763906FCAD}.Debug|Any CPU.ActiveCfg = Debug|Any CPU
		{70CCF1B2-28C4-43EA-89C7-19763906FCAD}.Debug|Any CPU.Build.0 = Debug|Any CPU
		{70CCF1B2-28C4-43EA-89C7-19763906FCAD}.Release|Any CPU.ActiveCfg = Release|Any CPU
		{70CCF1B2-28C4-43EA-89C7-19763906FCAD}.Release|Any CPU.Build.0 = Release|Any CPU
	EndGlobalSection
	GlobalSection(SolutionProperties) = preSolution
		HideSolutionNode = FALSE
	EndGlobalSection
	GlobalSection(ExtensibilityGlobals) = postSolution
		SolutionGuid = {F4726FAF-EA4A-43B1-B79D-5CFF11A95BE2}
	EndGlobalSection
EndGlobal
